// !$*UTF8*$!
{
	archiveVersion = 1;
	classes = {
	};
	objectVersion = 46;
	objects = {

/* Begin PBXBuildFile section */
		1D3623260D0F684500981E51 /* GoogleAnalyticsAppDelegate.m in Sources */ = {isa = PBXBuildFile; fileRef = 1D3623250D0F684500981E51 /* GoogleAnalyticsAppDelegate.m */; };
		1D60589B0D05DD56006BFB54 /* main.m in Sources */ = {isa = PBXBuildFile; fileRef = 29B97316FDCFA39411CA2CEA /* main.m */; };
		1D60589F0D05DD5A006BFB54 /* Foundation.framework in Frameworks */ = {isa = PBXBuildFile; fileRef = 1D30AB110D05D00D00671497 /* Foundation.framework */; };
		1DF5F4E00D08C38300B7A737 /* UIKit.framework in Frameworks */ = {isa = PBXBuildFile; fileRef = 1DF5F4DF0D08C38300B7A737 /* UIKit.framework */; };
		288765FD0DF74451002DB57D /* CoreGraphics.framework in Frameworks */ = {isa = PBXBuildFile; fileRef = 288765FC0DF74451002DB57D /* CoreGraphics.framework */; };
		ABE3ABB11373237D009AA98B /* Default.png in Resources */ = {isa = PBXBuildFile; fileRef = ABE3ABA81373237D009AA98B /* Default.png */; };
		ABE3ABB21373237D009AA98B /* Default@2x.png in Resources */ = {isa = PBXBuildFile; fileRef = ABE3ABA91373237D009AA98B /* Default@2x.png */; };
		ABE3ABB31373237D009AA98B /* Icon-72.png in Resources */ = {isa = PBXBuildFile; fileRef = ABE3ABAA1373237D009AA98B /* Icon-72.png */; };
		ABE3ABB41373237D009AA98B /* Icon-Small-50.png in Resources */ = {isa = PBXBuildFile; fileRef = ABE3ABAB1373237D009AA98B /* Icon-Small-50.png */; };
		ABE3ABB51373237D009AA98B /* Icon-Small.png in Resources */ = {isa = PBXBuildFile; fileRef = ABE3ABAC1373237D009AA98B /* Icon-Small.png */; };
		ABE3ABB61373237D009AA98B /* Icon-Small@2x.png in Resources */ = {isa = PBXBuildFile; fileRef = ABE3ABAD1373237D009AA98B /* Icon-Small@2x.png */; };
		ABE3ABB71373237D009AA98B /* Icon.png in Resources */ = {isa = PBXBuildFile; fileRef = ABE3ABAE1373237D009AA98B /* Icon.png */; };
		ABE3ABB81373237D009AA98B /* Icon@2x.png in Resources */ = {isa = PBXBuildFile; fileRef = ABE3ABAF1373237D009AA98B /* Icon@2x.png */; };
		ABE3ABB91373237D009AA98B /* iTunesArtwork in Resources */ = {isa = PBXBuildFile; fileRef = ABE3ABB01373237D009AA98B /* iTunesArtwork */; };
		ABE3ABBE13732443009AA98B /* libGoogleAnalytics.a in Frameworks */ = {isa = PBXBuildFile; fileRef = ABE3ABBD13732443009AA98B /* libGoogleAnalytics.a */; };
		ABE3ABC11373247D009AA98B /* CFNetwork.framework in Frameworks */ = {isa = PBXBuildFile; fileRef = ABE3ABC01373247D009AA98B /* CFNetwork.framework */; };
		ABE3ABC5137324A0009AA98B /* libsqlite3.dylib in Frameworks */ = {isa = PBXBuildFile; fileRef = ABE3ABC4137324A0009AA98B /* libsqlite3.dylib */; };
		ABE3AC071373287F009AA98B /* RootViewController.m in Sources */ = {isa = PBXBuildFile; fileRef = ABE3AC061373287F009AA98B /* RootViewController.m */; };
/* End PBXBuildFile section */

/* Begin PBXFileReference section */
		1D30AB110D05D00D00671497 /* Foundation.framework */ = {isa = PBXFileReference; lastKnownFileType = wrapper.framework; name = Foundation.framework; path = System/Library/Frameworks/Foundation.framework; sourceTree = SDKROOT; };
		1D3623240D0F684500981E51 /* GoogleAnalyticsAppDelegate.h */ = {isa = PBXFileReference; fileEncoding = 4; lastKnownFileType = sourcecode.c.h; path = GoogleAnalyticsAppDelegate.h; sourceTree = "<group>"; };
		1D3623250D0F684500981E51 /* GoogleAnalyticsAppDelegate.m */ = {isa = PBXFileReference; fileEncoding = 4; lastKnownFileType = sourcecode.c.objc; path = GoogleAnalyticsAppDelegate.m; sourceTree = "<group>"; };
		1D6058910D05DD3D006BFB54 /* GoogleAnalytics.app */ = {isa = PBXFileReference; explicitFileType = wrapper.application; includeInIndex = 0; path = GoogleAnalytics.app; sourceTree = BUILT_PRODUCTS_DIR; };
		1DF5F4DF0D08C38300B7A737 /* UIKit.framework */ = {isa = PBXFileReference; lastKnownFileType = wrapper.framework; name = UIKit.framework; path = System/Library/Frameworks/UIKit.framework; sourceTree = SDKROOT; };
		288765FC0DF74451002DB57D /* CoreGraphics.framework */ = {isa = PBXFileReference; lastKnownFileType = wrapper.framework; name = CoreGraphics.framework; path = System/Library/Frameworks/CoreGraphics.framework; sourceTree = SDKROOT; };
		29B97316FDCFA39411CA2CEA /* main.m */ = {isa = PBXFileReference; fileEncoding = 4; lastKnownFileType = sourcecode.c.objc; path = main.m; sourceTree = "<group>"; };
		32CA4F630368D1EE00C91783 /* GoogleAnalytics_Prefix.pch */ = {isa = PBXFileReference; fileEncoding = 4; lastKnownFileType = sourcecode.c.h; path = GoogleAnalytics_Prefix.pch; sourceTree = "<group>"; };
		8D1107310486CEB800E47090 /* GoogleAnalytics-Info.plist */ = {isa = PBXFileReference; fileEncoding = 4; lastKnownFileType = text.plist.xml; path = "GoogleAnalytics-Info.plist"; plistStructureDefinitionIdentifier = "com.apple.xcode.plist.structure-definition.iphone.info-plist"; sourceTree = "<group>"; };
		ABE3ABA81373237D009AA98B /* Default.png */ = {isa = PBXFileReference; lastKnownFileType = image.png; name = Default.png; path = Resources/Default.png; sourceTree = "<group>"; };
		ABE3ABA91373237D009AA98B /* Default@2x.png */ = {isa = PBXFileReference; lastKnownFileType = image.png; name = "Default@2x.png"; path = "Resources/Default@2x.png"; sourceTree = "<group>"; };
		ABE3ABAA1373237D009AA98B /* Icon-72.png */ = {isa = PBXFileReference; lastKnownFileType = image.png; name = "Icon-72.png"; path = "Resources/Icon-72.png"; sourceTree = "<group>"; };
		ABE3ABAB1373237D009AA98B /* Icon-Small-50.png */ = {isa = PBXFileReference; lastKnownFileType = image.png; name = "Icon-Small-50.png"; path = "Resources/Icon-Small-50.png"; sourceTree = "<group>"; };
		ABE3ABAC1373237D009AA98B /* Icon-Small.png */ = {isa = PBXFileReference; lastKnownFileType = image.png; name = "Icon-Small.png"; path = "Resources/Icon-Small.png"; sourceTree = "<group>"; };
		ABE3ABAD1373237D009AA98B /* Icon-Small@2x.png */ = {isa = PBXFileReference; lastKnownFileType = image.png; name = "Icon-Small@2x.png"; path = "Resources/Icon-Small@2x.png"; sourceTree = "<group>"; };
		ABE3ABAE1373237D009AA98B /* Icon.png */ = {isa = PBXFileReference; lastKnownFileType = image.png; name = Icon.png; path = Resources/Icon.png; sourceTree = "<group>"; };
		ABE3ABAF1373237D009AA98B /* Icon@2x.png */ = {isa = PBXFileReference; lastKnownFileType = image.png; name = "Icon@2x.png"; path = "Resources/Icon@2x.png"; sourceTree = "<group>"; };
		ABE3ABB01373237D009AA98B /* iTunesArtwork */ = {isa = PBXFileReference; lastKnownFileType = file; name = iTunesArtwork; path = Resources/iTunesArtwork; sourceTree = "<group>"; };
		ABE3ABBC13732443009AA98B /* GANTracker.h */ = {isa = PBXFileReference; fileEncoding = 4; lastKnownFileType = sourcecode.c.h; path = GANTracker.h; sourceTree = "<group>"; };
		ABE3ABBD13732443009AA98B /* libGoogleAnalytics.a */ = {isa = PBXFileReference; lastKnownFileType = archive.ar; path = libGoogleAnalytics.a; sourceTree = "<group>"; };
		ABE3ABC01373247D009AA98B /* CFNetwork.framework */ = {isa = PBXFileReference; lastKnownFileType = wrapper.framework; name = CFNetwork.framework; path = System/Library/Frameworks/CFNetwork.framework; sourceTree = SDKROOT; };
		ABE3ABC4137324A0009AA98B /* libsqlite3.dylib */ = {isa = PBXFileReference; lastKnownFileType = "compiled.mach-o.dylib"; name = libsqlite3.dylib; path = usr/lib/libsqlite3.dylib; sourceTree = SDKROOT; };
		ABE3ABFE13732756009AA98B /* Static.h */ = {isa = PBXFileReference; fileEncoding = 4; lastKnownFileType = sourcecode.c.h; path = Static.h; sourceTree = "<group>"; };
		ABE3AC051373287F009AA98B /* RootViewController.h */ = {isa = PBXFileReference; fileEncoding = 4; lastKnownFileType = sourcecode.c.h; path = RootViewController.h; sourceTree = "<group>"; };
		ABE3AC061373287F009AA98B /* RootViewController.m */ = {isa = PBXFileReference; fileEncoding = 4; lastKnownFileType = sourcecode.c.objc; path = RootViewController.m; sourceTree = "<group>"; };
/* End PBXFileReference section */

/* Begin PBXFrameworksBuildPhase section */
		1D60588F0D05DD3D006BFB54 /* Frameworks */ = {
			isa = PBXFrameworksBuildPhase;
			buildActionMask = 2147483647;
			files = (
				1D60589F0D05DD5A006BFB54 /* Foundation.framework in Frameworks */,
				1DF5F4E00D08C38300B7A737 /* UIKit.framework in Frameworks */,
				288765FD0DF74451002DB57D /* CoreGraphics.framework in Frameworks */,
				ABE3ABBE13732443009AA98B /* libGoogleAnalytics.a in Frameworks */,
				ABE3ABC11373247D009AA98B /* CFNetwork.framework in Frameworks */,
				ABE3ABC5137324A0009AA98B /* libsqlite3.dylib in Frameworks */,
			);
			runOnlyForDeploymentPostprocessing = 0;
		};
/* End PBXFrameworksBuildPhase section */

/* Begin PBXGroup section */
		080E96DDFE201D6D7F000001 /* Classes */ = {
			isa = PBXGroup;
			children = (
				1D3623240D0F684500981E51 /* GoogleAnalyticsAppDelegate.h */,
				1D3623250D0F684500981E51 /* GoogleAnalyticsAppDelegate.m */,
				ABE3AC051373287F009AA98B /* RootViewController.h */,
				ABE3AC061373287F009AA98B /* RootViewController.m */,
			);
			path = Classes;
			sourceTree = "<group>";
		};
		19C28FACFE9D520D11CA2CBB /* Products */ = {
			isa = PBXGroup;
			children = (
				1D6058910D05DD3D006BFB54 /* GoogleAnalytics.app */,
			);
			name = Products;
			sourceTree = "<group>";
		};
		29B97314FDCFA39411CA2CEA /* CustomTemplate */ = {
			isa = PBXGroup;
			children = (
				ABE3ABBA13732443009AA98B /* GoogleAnalytics */,
				080E96DDFE201D6D7F000001 /* Classes */,
				29B97315FDCFA39411CA2CEA /* Other Sources */,
				29B97317FDCFA39411CA2CEA /* Resources */,
				29B97323FDCFA39411CA2CEA /* Frameworks */,
				19C28FACFE9D520D11CA2CBB /* Products */,
				ABE3ABFE13732756009AA98B /* Static.h */,
			);
			name = CustomTemplate;
			sourceTree = "<group>";
		};
		29B97315FDCFA39411CA2CEA /* Other Sources */ = {
			isa = PBXGroup;
			children = (
				32CA4F630368D1EE00C91783 /* GoogleAnalytics_Prefix.pch */,
				29B97316FDCFA39411CA2CEA /* main.m */,
			);
			name = "Other Sources";
			sourceTree = "<group>";
		};
		29B97317FDCFA39411CA2CEA /* Resources */ = {
			isa = PBXGroup;
			children = (
				ABE3ABA81373237D009AA98B /* Default.png */,
				ABE3ABA91373237D009AA98B /* Default@2x.png */,
				ABE3ABAA1373237D009AA98B /* Icon-72.png */,
				ABE3ABAB1373237D009AA98B /* Icon-Small-50.png */,
				ABE3ABAC1373237D009AA98B /* Icon-Small.png */,
				ABE3ABAD1373237D009AA98B /* Icon-Small@2x.png */,
				ABE3ABAE1373237D009AA98B /* Icon.png */,
				ABE3ABAF1373237D009AA98B /* Icon@2x.png */,
				ABE3ABB01373237D009AA98B /* iTunesArtwork */,
				8D1107310486CEB800E47090 /* GoogleAnalytics-Info.plist */,
			);
			name = Resources;
			sourceTree = "<group>";
		};
		29B97323FDCFA39411CA2CEA /* Frameworks */ = {
			isa = PBXGroup;
			children = (
				1DF5F4DF0D08C38300B7A737 /* UIKit.framework */,
				1D30AB110D05D00D00671497 /* Foundation.framework */,
				288765FC0DF74451002DB57D /* CoreGraphics.framework */,
				ABE3ABC01373247D009AA98B /* CFNetwork.framework */,
				ABE3ABC4137324A0009AA98B /* libsqlite3.dylib */,
			);
			name = Frameworks;
			sourceTree = "<group>";
		};
		ABE3ABBA13732443009AA98B /* GoogleAnalytics */ = {
			isa = PBXGroup;
			children = (
				ABE3ABBB13732443009AA98B /* Library */,
			);
			name = GoogleAnalytics;
			path = Classes/GoogleAnalytics;
			sourceTree = "<group>";
		};
		ABE3ABBB13732443009AA98B /* Library */ = {
			isa = PBXGroup;
			children = (
				ABE3ABBC13732443009AA98B /* GANTracker.h */,
				ABE3ABBD13732443009AA98B /* libGoogleAnalytics.a */,
			);
			path = Library;
			sourceTree = "<group>";
		};
/* End PBXGroup section */

/* Begin PBXNativeTarget section */
		1D6058900D05DD3D006BFB54 /* GoogleAnalytics */ = {
			isa = PBXNativeTarget;
			buildConfigurationList = 1D6058960D05DD3E006BFB54 /* Build configuration list for PBXNativeTarget "GoogleAnalytics" */;
			buildPhases = (
				1D60588D0D05DD3D006BFB54 /* Resources */,
				1D60588E0D05DD3D006BFB54 /* Sources */,
				1D60588F0D05DD3D006BFB54 /* Frameworks */,
			);
			buildRules = (
			);
			dependencies = (
			);
			name = GoogleAnalytics;
			productName = GoogleAnalytics;
			productReference = 1D6058910D05DD3D006BFB54 /* GoogleAnalytics.app */;
			productType = "com.apple.product-type.application";
		};
/* End PBXNativeTarget section */

/* Begin PBXProject section */
		29B97313FDCFA39411CA2CEA /* Project object */ = {
			isa = PBXProject;
			buildConfigurationList = C01FCF4E08A954540054247B /* Build configuration list for PBXProject "GoogleAnalytics" */;
			compatibilityVersion = "Xcode 3.2";
			developmentRegion = English;
			hasScannedForEncodings = 1;
			knownRegions = (
				English,
				Japanese,
				French,
				German,
			);
			mainGroup = 29B97314FDCFA39411CA2CEA /* CustomTemplate */;
			projectDirPath = "";
			projectRoot = "";
			targets = (
				1D6058900D05DD3D006BFB54 /* GoogleAnalytics */,
			);
		};
/* End PBXProject section */

/* Begin PBXResourcesBuildPhase section */
		1D60588D0D05DD3D006BFB54 /* Resources */ = {
			isa = PBXResourcesBuildPhase;
			buildActionMask = 2147483647;
			files = (
				ABE3ABB11373237D009AA98B /* Default.png in Resources */,
				ABE3ABB21373237D009AA98B /* Default@2x.png in Resources */,
				ABE3ABB31373237D009AA98B /* Icon-72.png in Resources */,
				ABE3ABB41373237D009AA98B /* Icon-Small-50.png in Resources */,
				ABE3ABB51373237D009AA98B /* Icon-Small.png in Resources */,
				ABE3ABB61373237D009AA98B /* Icon-Small@2x.png in Resources */,
				ABE3ABB71373237D009AA98B /* Icon.png in Resources */,
				ABE3ABB81373237D009AA98B /* Icon@2x.png in Resources */,
				ABE3ABB91373237D009AA98B /* iTunesArtwork in Resources */,
			);
			runOnlyForDeploymentPostprocessing = 0;
		};
/* End PBXResourcesBuildPhase section */

/* Begin PBXSourcesBuildPhase section */
		1D60588E0D05DD3D006BFB54 /* Sources */ = {
			isa = PBXSourcesBuildPhase;
			buildActionMask = 2147483647;
			files = (
				1D60589B0D05DD56006BFB54 /* main.m in Sources */,
				1D3623260D0F684500981E51 /* GoogleAnalyticsAppDelegate.m in Sources */,
				ABE3AC071373287F009AA98B /* RootViewController.m in Sources */,
			);
			runOnlyForDeploymentPostprocessing = 0;
		};
/* End PBXSourcesBuildPhase section */

/* Begin XCBuildConfiguration section */
		1D6058940D05DD3E006BFB54 /* Debug */ = {
			isa = XCBuildConfiguration;
			buildSettings = {
				ALWAYS_SEARCH_USER_PATHS = NO;
				COPY_PHASE_STRIP = NO;
				GCC_DYNAMIC_NO_PIC = NO;
				GCC_OPTIMIZATION_LEVEL = 0;
				GCC_PRECOMPILE_PREFIX_HEADER = YES;
				GCC_PREFIX_HEADER = GoogleAnalytics_Prefix.pch;
				INFOPLIST_FILE = "GoogleAnalytics-Info.plist";
				LIBRARY_SEARCH_PATHS = (
					"$(inherited)",
					"\"$(SRCROOT)/Classes/GoogleAnalytics/Library\"",
				);
				PRODUCT_NAME = GoogleAnalytics;
			};
			name = Debug;
		};
		1D6058950D05DD3E006BFB54 /* Release */ = {
			isa = XCBuildConfiguration;
			buildSettings = {
				ALWAYS_SEARCH_USER_PATHS = NO;
				COPY_PHASE_STRIP = YES;
				GCC_PRECOMPILE_PREFIX_HEADER = YES;
				GCC_PREFIX_HEADER = GoogleAnalytics_Prefix.pch;
				INFOPLIST_FILE = "GoogleAnalytics-Info.plist";
				LIBRARY_SEARCH_PATHS = (
					"$(inherited)",
					"\"$(SRCROOT)/Classes/GoogleAnalytics/Library\"",
				);
				PRODUCT_NAME = GoogleAnalytics;
				VALIDATE_PRODUCT = YES;
			};
			name = Release;
		};
		C01FCF4F08A954540054247B /* Debug */ = {
			isa = XCBuildConfiguration;
			buildSettings = {
				ARCHS = "$(ARCHS_STANDARD_32_BIT)";
				"CODE_SIGN_IDENTITY[sdk=iphoneos*]" = "iPhone Developer";
				GCC_C_LANGUAGE_STANDARD = c99;
				GCC_WARN_ABOUT_RETURN_TYPE = YES;
				GCC_WARN_UNUSED_VARIABLE = YES;
				PREBINDING = NO;
				SDKROOT = iphoneos;
			};
			name = Debug;
		};
		C01FCF5008A954540054247B /* Release */ = {
			isa = XCBuildConfiguration;
			buildSettings = {
				ARCHS = "$(ARCHS_STANDARD_32_BIT)";
				"CODE_SIGN_IDENTITY[sdk=iphoneos*]" = "iPhone Developer";
				GCC_C_LANGUAGE_STANDARD = c99;
				GCC_WARN_ABOUT_RETURN_TYPE = YES;
				GCC_WARN_UNUSED_VARIABLE = YES;
				OTHER_CFLAGS = "-DNS_BLOCK_ASSERTIONS=1";
				PREBINDING = NO;
				SDKROOT = iphoneos;
			};
			name = Release;
		};
/* End XCBuildConfiguration section */

/* Begin XCConfigurationList section */
		1D6058960D05DD3E006BFB54 /* Build configuration list for PBXNativeTarget "GoogleAnalytics" */ = {
			isa = XCConfigurationList;
			buildConfigurations = (
				1D6058940D05DD3E006BFB54 /* Debug */,
				1D6058950D05DD3E006BFB54 /* Release */,
			);
			defaultConfigurationIsVisible = 0;
			defaultConfigurationName = Release;
		};
		C01FCF4E08A954540054247B /* Build configuration list for PBXProject "GoogleAnalytics" */ = {
			isa = XCConfigurationList;
			buildConfigurations = (
				C01FCF4F08A954540054247B /* Debug */,
				C01FCF5008A954540054247B /* Release */,
			);
			defaultConfigurationIsVisible = 0;
			defaultConfigurationName = Release;
		};
/* End XCConfigurationList section */
	};
	rootObject = 29B97313FDCFA39411CA2CEA /* Project object */;
}
